// !$*UTF8*$!
{
	archiveVersion = 1;
	classes = {
	};
	objectVersion = 70;
	objects = {

/* Begin PBXBuildFile section */
		2B6FD8872A24E9FF00581498 /* main.cpp in Sources */ = {isa = PBXBuildFile; fileRef = 2B6FD8862A24E9FF00581498 /* main.cpp */; };
/* End PBXBuildFile section */

/* Begin PBXCopyFilesBuildPhase section */
		2B6FD8812A24E9FF00581498 /* CopyFiles */ = {
			isa = PBXCopyFilesBuildPhase;
			buildActionMask = 2147483647;
			dstPath = /usr/share/man/man1/;
			dstSubfolderSpec = 0;
			files = (
			);
			runOnlyForDeploymentPostprocessing = 1;
		};
		FCAD5C912CEE3FB200557101 /* CopyFiles */ = {
			isa = PBXCopyFilesBuildPhase;
			buildActionMask = 2147483647;
			dstPath = /usr/share/man/man1/;
			dstSubfolderSpec = 0;
			files = (
			);
			runOnlyForDeploymentPostprocessing = 1;
		};
		FCAD5C9C2CEE3FC800557101 /* CopyFiles */ = {
			isa = PBXCopyFilesBuildPhase;
			buildActionMask = 2147483647;
			dstPath = /usr/share/man/man1/;
			dstSubfolderSpec = 0;
			files = (
			);
			runOnlyForDeploymentPostprocessing = 1;
		};
		FCAD5CA72CEE3FD500557101 /* CopyFiles */ = {
			isa = PBXCopyFilesBuildPhase;
			buildActionMask = 2147483647;
			dstPath = /usr/share/man/man1/;
			dstSubfolderSpec = 0;
			files = (
			);
			runOnlyForDeploymentPostprocessing = 1;
		};
		FCAD5CB22CEE400100557101 /* CopyFiles */ = {
			isa = PBXCopyFilesBuildPhase;
			buildActionMask = 2147483647;
			dstPath = /usr/share/man/man1/;
			dstSubfolderSpec = 0;
			files = (
			);
			runOnlyForDeploymentPostprocessing = 1;
		};
		FCEF09052CF31B9400493A22 /* CopyFiles */ = {
			isa = PBXCopyFilesBuildPhase;
			buildActionMask = 2147483647;
			dstPath = /usr/share/man/man1/;
			dstSubfolderSpec = 0;
			files = (
			);
			runOnlyForDeploymentPostprocessing = 1;
		};
		FCEF09472CF33CA200493A22 /* CopyFiles */ = {
			isa = PBXCopyFilesBuildPhase;
			buildActionMask = 2147483647;
			dstPath = /usr/share/man/man1/;
			dstSubfolderSpec = 0;
			files = (
			);
			runOnlyForDeploymentPostprocessing = 1;
		};
		FCEF09522CF33DE700493A22 /* CopyFiles */ = {
			isa = PBXCopyFilesBuildPhase;
			buildActionMask = 2147483647;
			dstPath = /usr/share/man/man1/;
			dstSubfolderSpec = 0;
			files = (
			);
			runOnlyForDeploymentPostprocessing = 1;
		};
		FCEF098B2CF615BC00493A22 /* CopyFiles */ = {
			isa = PBXCopyFilesBuildPhase;
			buildActionMask = 2147483647;
			dstPath = /usr/share/man/man1/;
			dstSubfolderSpec = 0;
			files = (
			);
			runOnlyForDeploymentPostprocessing = 1;
		};
/* End PBXCopyFilesBuildPhase section */

/* Begin PBXFileReference section */
		2B00D0732A2B3398000BAE42 /* README.md */ = {isa = PBXFileReference; lastKnownFileType = net.daringfireball.markdown; path = README.md; sourceTree = "<group>"; };
		2B6FD8862A24E9FF00581498 /* main.cpp */ = {isa = PBXFileReference; lastKnownFileType = sourcecode.cpp.cpp; path = main.cpp; sourceTree = "<group>"; };
		2B6FD88D2A2581E600581498 /* OutPut.md */ = {isa = PBXFileReference; lastKnownFileType = net.daringfireball.markdown; path = OutPut.md; sourceTree = "<group>"; };
		FCEF09722CF4D30600493A22 /* CoroutineScheduler */ = {isa = PBXFileReference; explicitFileType = "compiled.mach-o.executable"; includeInIndex = 0; path = CoroutineScheduler; sourceTree = BUILT_PRODUCTS_DIR; };
		FCEF09732CF4D30600493A22 /* GuessCoroutineRunWithSelf */ = {isa = PBXFileReference; explicitFileType = "compiled.mach-o.executable"; includeInIndex = 0; path = GuessCoroutineRunWithSelf; sourceTree = BUILT_PRODUCTS_DIR; };
		FCEF09742CF4D30600493A22 /* GuessCoroutine */ = {isa = PBXFileReference; explicitFileType = "compiled.mach-o.executable"; includeInIndex = 0; path = GuessCoroutine; sourceTree = BUILT_PRODUCTS_DIR; };
		FCEF09752CF4D30600493A22 /* TwoGuessCoroutineInMainThread */ = {isa = PBXFileReference; explicitFileType = "compiled.mach-o.executable"; includeInIndex = 0; path = TwoGuessCoroutineInMainThread; sourceTree = BUILT_PRODUCTS_DIR; };
		FCEF09762CF4D30600493A22 /* TwoGuessCoroutineInOneThread */ = {isa = PBXFileReference; explicitFileType = "compiled.mach-o.executable"; includeInIndex = 0; path = TwoGuessCoroutineInOneThread; sourceTree = BUILT_PRODUCTS_DIR; };
		FCEF09772CF4D30600493A22 /* TwoGuessCoroutineInTwoThread */ = {isa = PBXFileReference; explicitFileType = "compiled.mach-o.executable"; includeInIndex = 0; path = TwoGuessCoroutineInTwoThread; sourceTree = BUILT_PRODUCTS_DIR; };
		FCEF09782CF4D30600493A22 /* CopyFileInMainThread */ = {isa = PBXFileReference; explicitFileType = "compiled.mach-o.executable"; includeInIndex = 0; path = CopyFileInMainThread; sourceTree = BUILT_PRODUCTS_DIR; };
		FCEF09792CF4D30600493A22 /* CopyFileInThreadPool */ = {isa = PBXFileReference; explicitFileType = "compiled.mach-o.executable"; includeInIndex = 0; path = CopyFileInThreadPool; sourceTree = BUILT_PRODUCTS_DIR; };
		FCEF098D2CF615BC00493A22 /* FunctionCallCXX */ = {isa = PBXFileReference; explicitFileType = "compiled.mach-o.executable"; includeInIndex = 0; path = FunctionCallCXX; sourceTree = BUILT_PRODUCTS_DIR; };
		FCF38BD82CF2CEEA00081A46 /* license */ = {isa = PBXFileReference; lastKnownFileType = text; path = license; sourceTree = "<group>"; };
/* End PBXFileReference section */

/* Begin PBXFileSystemSynchronizedBuildFileExceptionSet section */
		FCEF09202CF3233D00493A22 /* PBXFileSystemSynchronizedBuildFileExceptionSet */ = {
			isa = PBXFileSystemSynchronizedBuildFileExceptionSet;
			membershipExceptions = (
				main.cpp,
			);
			target = FCAD5CB32CEE400100557101 /* CoroutineScheduler */;
		};
		FCEF09212CF3233D00493A22 /* PBXFileSystemSynchronizedBuildFileExceptionSet */ = {
			isa = PBXFileSystemSynchronizedBuildFileExceptionSet;
			membershipExceptions = (
				main.cpp,
			);
			target = FCEF09062CF31B9400493A22 /* GuessCoroutineRunWithSelf */;
		};
/* End PBXFileSystemSynchronizedBuildFileExceptionSet section */

/* Begin PBXFileSystemSynchronizedRootGroup section */
		FCAD5C942CEE3FB200557101 /* TwoGuessCoroutineInMainThread */ = {isa = PBXFileSystemSynchronizedRootGroup; explicitFileTypes = {}; explicitFolders = (); path = TwoGuessCoroutineInMainThread; sourceTree = "<group>"; };
		FCAD5C9F2CEE3FC800557101 /* TwoGuessCoroutineInOneThread */ = {isa = PBXFileSystemSynchronizedRootGroup; explicitFileTypes = {}; explicitFolders = (); path = TwoGuessCoroutineInOneThread; sourceTree = "<group>"; };
		FCAD5CAA2CEE3FD500557101 /* TwoGuessCoroutineInTwoThread */ = {isa = PBXFileSystemSynchronizedRootGroup; explicitFileTypes = {}; explicitFolders = (); path = TwoGuessCoroutineInTwoThread; sourceTree = "<group>"; };
		FCEF09082CF31B9400493A22 /* GuessCoroutineRunWithSelf */ = {isa = PBXFileSystemSynchronizedRootGroup; explicitFileTypes = {}; explicitFolders = (); path = GuessCoroutineRunWithSelf; sourceTree = "<group>"; };
		FCEF091E2CF3233D00493A22 /* CoroutineScheduler */ = {isa = PBXFileSystemSynchronizedRootGroup; exceptions = (FCEF09202CF3233D00493A22 /* PBXFileSystemSynchronizedBuildFileExceptionSet */, FCEF09212CF3233D00493A22 /* PBXFileSystemSynchronizedBuildFileExceptionSet */, ); explicitFileTypes = {}; explicitFolders = (); path = CoroutineScheduler; sourceTree = "<group>"; };
		FCEF094A2CF33CA200493A22 /* CopyFileInMainThread */ = {isa = PBXFileSystemSynchronizedRootGroup; explicitFileTypes = {}; explicitFolders = (); path = CopyFileInMainThread; sourceTree = "<group>"; };
		FCEF09552CF33DE700493A22 /* CopyFileInThreadPool */ = {isa = PBXFileSystemSynchronizedRootGroup; explicitFileTypes = {}; explicitFolders = (); path = CopyFileInThreadPool; sourceTree = "<group>"; };
		FCEF098E2CF615BC00493A22 /* FunctionCallCXX */ = {isa = PBXFileSystemSynchronizedRootGroup; explicitFileTypes = {}; explicitFolders = (); path = FunctionCallCXX; sourceTree = "<group>"; };
/* End PBXFileSystemSynchronizedRootGroup section */

/* Begin PBXFrameworksBuildPhase section */
		2B6FD8802A24E9FF00581498 /* Frameworks */ = {
			isa = PBXFrameworksBuildPhase;
			buildActionMask = 2147483647;
			files = (
			);
			runOnlyForDeploymentPostprocessing = 0;
		};
		FCAD5C902CEE3FB200557101 /* Frameworks */ = {
			isa = PBXFrameworksBuildPhase;
			buildActionMask = 2147483647;
			files = (
			);
			runOnlyForDeploymentPostprocessing = 0;
		};
		FCAD5C9B2CEE3FC800557101 /* Frameworks */ = {
			isa = PBXFrameworksBuildPhase;
			buildActionMask = 2147483647;
			files = (
			);
			runOnlyForDeploymentPostprocessing = 0;
		};
		FCAD5CA62CEE3FD500557101 /* Frameworks */ = {
			isa = PBXFrameworksBuildPhase;
			buildActionMask = 2147483647;
			files = (
			);
			runOnlyForDeploymentPostprocessing = 0;
		};
		FCAD5CB12CEE400100557101 /* Frameworks */ = {
			isa = PBXFrameworksBuildPhase;
			buildActionMask = 2147483647;
			files = (
			);
			runOnlyForDeploymentPostprocessing = 0;
		};
		FCEF09042CF31B9400493A22 /* Frameworks */ = {
			isa = PBXFrameworksBuildPhase;
			buildActionMask = 2147483647;
			files = (
			);
			runOnlyForDeploymentPostprocessing = 0;
		};
		FCEF09462CF33CA200493A22 /* Frameworks */ = {
			isa = PBXFrameworksBuildPhase;
			buildActionMask = 2147483647;
			files = (
			);
			runOnlyForDeploymentPostprocessing = 0;
		};
		FCEF09512CF33DE700493A22 /* Frameworks */ = {
			isa = PBXFrameworksBuildPhase;
			buildActionMask = 2147483647;
			files = (
			);
			runOnlyForDeploymentPostprocessing = 0;
		};
		FCEF098A2CF615BC00493A22 /* Frameworks */ = {
			isa = PBXFrameworksBuildPhase;
			buildActionMask = 2147483647;
			files = (
			);
			runOnlyForDeploymentPostprocessing = 0;
		};
/* End PBXFrameworksBuildPhase section */

/* Begin PBXGroup section */
		2B6FD87A2A24E9FF00581498 = {
			isa = PBXGroup;
			children = (
				FCF38BD82CF2CEEA00081A46 /* license */,
				2B6FD8852A24E9FF00581498 /* GuessCoroutine */,
				FCAD5C942CEE3FB200557101 /* TwoGuessCoroutineInMainThread */,
				FCAD5C9F2CEE3FC800557101 /* TwoGuessCoroutineInOneThread */,
				FCAD5CAA2CEE3FD500557101 /* TwoGuessCoroutineInTwoThread */,
				FCEF09082CF31B9400493A22 /* GuessCoroutineRunWithSelf */,
				FCEF091E2CF3233D00493A22 /* CoroutineScheduler */,
				FCEF094A2CF33CA200493A22 /* CopyFileInMainThread */,
				FCEF09552CF33DE700493A22 /* CopyFileInThreadPool */,
				FCEF09722CF4D30600493A22 /* CoroutineScheduler */,
				FCEF09732CF4D30600493A22 /* GuessCoroutineRunWithSelf */,
				FCEF09742CF4D30600493A22 /* GuessCoroutine */,
				FCEF09752CF4D30600493A22 /* TwoGuessCoroutineInMainThread */,
				FCEF09762CF4D30600493A22 /* TwoGuessCoroutineInOneThread */,
				FCEF09772CF4D30600493A22 /* TwoGuessCoroutineInTwoThread */,
				FCEF09782CF4D30600493A22 /* CopyFileInMainThread */,
				FCEF09792CF4D30600493A22 /* CopyFileInThreadPool */,
				FCEF098D2CF615BC00493A22 /* FunctionCallCXX */,
				FCEF098E2CF615BC00493A22 /* FunctionCallCXX */,
			);
			sourceTree = "<group>";
		};
		2B6FD8852A24E9FF00581498 /* GuessCoroutine */ = {
			isa = PBXGroup;
			children = (
				2B6FD8862A24E9FF00581498 /* main.cpp */,
				2B6FD88D2A2581E600581498 /* OutPut.md */,
				2B00D0732A2B3398000BAE42 /* README.md */,
			);
			path = GuessCoroutine;
			sourceTree = "<group>";
		};
/* End PBXGroup section */

/* Begin PBXNativeTarget section */
		2B6FD8822A24E9FF00581498 /* GuessCoroutine */ = {
			isa = PBXNativeTarget;
			buildConfigurationList = 2B6FD88A2A24E9FF00581498 /* Build configuration list for PBXNativeTarget "GuessCoroutine" */;
			buildPhases = (
				2B6FD87F2A24E9FF00581498 /* Sources */,
				2B6FD8802A24E9FF00581498 /* Frameworks */,
				2B6FD8812A24E9FF00581498 /* CopyFiles */,
			);
			buildRules = (
			);
			dependencies = (
			);
			name = GuessCoroutine;
			productName = Coroutine;
			productReference = FCEF09742CF4D30600493A22 /* GuessCoroutine */;
			productType = "com.apple.product-type.tool";
		};
		FCAD5C922CEE3FB200557101 /* TwoGuessCoroutineInMainThread */ = {
			isa = PBXNativeTarget;
			buildConfigurationList = FCAD5C972CEE3FB200557101 /* Build configuration list for PBXNativeTarget "TwoGuessCoroutineInMainThread" */;
			buildPhases = (
				FCAD5C8F2CEE3FB200557101 /* Sources */,
				FCAD5C902CEE3FB200557101 /* Frameworks */,
				FCAD5C912CEE3FB200557101 /* CopyFiles */,
			);
			buildRules = (
			);
			dependencies = (
			);
			fileSystemSynchronizedGroups = (
				FCAD5C942CEE3FB200557101 /* TwoGuessCoroutineInMainThread */,
			);
			name = TwoGuessCoroutineInMainThread;
			packageProductDependencies = (
			);
			productName = TwoCoroutineInMainThread;
			productReference = FCEF09752CF4D30600493A22 /* TwoGuessCoroutineInMainThread */;
			productType = "com.apple.product-type.tool";
		};
		FCAD5C9D2CEE3FC800557101 /* TwoGuessCoroutineInOneThread */ = {
			isa = PBXNativeTarget;
			buildConfigurationList = FCAD5CA22CEE3FC800557101 /* Build configuration list for PBXNativeTarget "TwoGuessCoroutineInOneThread" */;
			buildPhases = (
				FCAD5C9A2CEE3FC800557101 /* Sources */,
				FCAD5C9B2CEE3FC800557101 /* Frameworks */,
				FCAD5C9C2CEE3FC800557101 /* CopyFiles */,
			);
			buildRules = (
			);
			dependencies = (
			);
			fileSystemSynchronizedGroups = (
				FCAD5C9F2CEE3FC800557101 /* TwoGuessCoroutineInOneThread */,
			);
			name = TwoGuessCoroutineInOneThread;
			packageProductDependencies = (
			);
			productName = TwoCoroutineInOneThread;
			productReference = FCEF09762CF4D30600493A22 /* TwoGuessCoroutineInOneThread */;
			productType = "com.apple.product-type.tool";
		};
		FCAD5CA82CEE3FD500557101 /* TwoGuessCoroutineInTwoThread */ = {
			isa = PBXNativeTarget;
			buildConfigurationList = FCAD5CAD2CEE3FD500557101 /* Build configuration list for PBXNativeTarget "TwoGuessCoroutineInTwoThread" */;
			buildPhases = (
				FCAD5CA52CEE3FD500557101 /* Sources */,
				FCAD5CA62CEE3FD500557101 /* Frameworks */,
				FCAD5CA72CEE3FD500557101 /* CopyFiles */,
			);
			buildRules = (
			);
			dependencies = (
			);
			fileSystemSynchronizedGroups = (
				FCAD5CAA2CEE3FD500557101 /* TwoGuessCoroutineInTwoThread */,
			);
			name = TwoGuessCoroutineInTwoThread;
			packageProductDependencies = (
			);
			productName = TwoCoroutineInTwoThread;
			productReference = FCEF09772CF4D30600493A22 /* TwoGuessCoroutineInTwoThread */;
			productType = "com.apple.product-type.tool";
		};
		FCAD5CB32CEE400100557101 /* CoroutineScheduler */ = {
			isa = PBXNativeTarget;
			buildConfigurationList = FCAD5CB82CEE400100557101 /* Build configuration list for PBXNativeTarget "CoroutineScheduler" */;
			buildPhases = (
				FCAD5CB02CEE400100557101 /* Sources */,
				FCAD5CB12CEE400100557101 /* Frameworks */,
				FCAD5CB22CEE400100557101 /* CopyFiles */,
			);
			buildRules = (
			);
			dependencies = (
			);
			name = CoroutineScheduler;
			packageProductDependencies = (
			);
			productName = CoroutineScheduler;
			productReference = FCEF09722CF4D30600493A22 /* CoroutineScheduler */;
			productType = "com.apple.product-type.tool";
		};
		FCEF09062CF31B9400493A22 /* GuessCoroutineRunWithSelf */ = {
			isa = PBXNativeTarget;
			buildConfigurationList = FCEF090D2CF31B9400493A22 /* Build configuration list for PBXNativeTarget "GuessCoroutineRunWithSelf" */;
			buildPhases = (
				FCEF09032CF31B9400493A22 /* Sources */,
				FCEF09042CF31B9400493A22 /* Frameworks */,
				FCEF09052CF31B9400493A22 /* CopyFiles */,
			);
			buildRules = (
			);
			dependencies = (
			);
			fileSystemSynchronizedGroups = (
				FCEF09082CF31B9400493A22 /* GuessCoroutineRunWithSelf */,
				FCEF091E2CF3233D00493A22 /* CoroutineScheduler */,
			);
			name = GuessCoroutineRunWithSelf;
			packageProductDependencies = (
			);
			productName = GuessCoroutineRunWithSelf;
			productReference = FCEF09732CF4D30600493A22 /* GuessCoroutineRunWithSelf */;
			productType = "com.apple.product-type.tool";
		};
		FCEF09482CF33CA200493A22 /* CopyFileInMainThread */ = {
			isa = PBXNativeTarget;
			buildConfigurationList = FCEF094F2CF33CA200493A22 /* Build configuration list for PBXNativeTarget "CopyFileInMainThread" */;
			buildPhases = (
				FCEF09452CF33CA200493A22 /* Sources */,
				FCEF09462CF33CA200493A22 /* Frameworks */,
				FCEF09472CF33CA200493A22 /* CopyFiles */,
			);
			buildRules = (
			);
			dependencies = (
			);
			fileSystemSynchronizedGroups = (
				FCEF094A2CF33CA200493A22 /* CopyFileInMainThread */,
			);
			name = CopyFileInMainThread;
			packageProductDependencies = (
			);
			productName = CopyFileInMainThread;
			productReference = FCEF09782CF4D30600493A22 /* CopyFileInMainThread */;
			productType = "com.apple.product-type.tool";
		};
		FCEF09532CF33DE700493A22 /* CopyFileInThreadPool */ = {
			isa = PBXNativeTarget;
			buildConfigurationList = FCEF09582CF33DE700493A22 /* Build configuration list for PBXNativeTarget "CopyFileInThreadPool" */;
			buildPhases = (
				FCEF09502CF33DE700493A22 /* Sources */,
				FCEF09512CF33DE700493A22 /* Frameworks */,
				FCEF09522CF33DE700493A22 /* CopyFiles */,
			);
			buildRules = (
			);
			dependencies = (
			);
			fileSystemSynchronizedGroups = (
				FCEF09552CF33DE700493A22 /* CopyFileInThreadPool */,
			);
			name = CopyFileInThreadPool;
			packageProductDependencies = (
			);
			productName = CopyFileInThreadPool;
			productReference = FCEF09792CF4D30600493A22 /* CopyFileInThreadPool */;
			productType = "com.apple.product-type.tool";
		};
		FCEF098C2CF615BC00493A22 /* FunctionCallCXX */ = {
			isa = PBXNativeTarget;
			buildConfigurationList = FCEF09932CF615D300493A22 /* Build configuration list for PBXNativeTarget "FunctionCallCXX" */;
			buildPhases = (
				FCEF09892CF615BC00493A22 /* Sources */,
				FCEF098A2CF615BC00493A22 /* Frameworks */,
				FCEF098B2CF615BC00493A22 /* CopyFiles */,
			);
			buildRules = (
			);
			dependencies = (
			);
			fileSystemSynchronizedGroups = (
				FCEF098E2CF615BC00493A22 /* FunctionCallCXX */,
			);
			name = FunctionCallCXX;
			packageProductDependencies = (
			);
			productName = FunctionCallCXX;
			productReference = FCEF098D2CF615BC00493A22 /* FunctionCallCXX */;
			productType = "com.apple.product-type.tool";
		};
/* End PBXNativeTarget section */

/* Begin PBXProject section */
		2B6FD87B2A24E9FF00581498 /* Project object */ = {
			isa = PBXProject;
			attributes = {
				BuildIndependentTargetsInParallel = 1;
				LastSwiftUpdateCheck = 1610;
				LastUpgradeCheck = 1430;
				TargetAttributes = {
					2B6FD8822A24E9FF00581498 = {
						CreatedOnToolsVersion = 14.3;
					};
					FCAD5C922CEE3FB200557101 = {
						CreatedOnToolsVersion = 16.1;
					};
					FCAD5C9D2CEE3FC800557101 = {
						CreatedOnToolsVersion = 16.1;
					};
					FCAD5CA82CEE3FD500557101 = {
						CreatedOnToolsVersion = 16.1;
					};
					FCAD5CB32CEE400100557101 = {
						CreatedOnToolsVersion = 16.1;
					};
					FCEF09062CF31B9400493A22 = {
						CreatedOnToolsVersion = 16.1;
					};
					FCEF09482CF33CA200493A22 = {
						CreatedOnToolsVersion = 16.1;
					};
					FCEF09532CF33DE700493A22 = {
						CreatedOnToolsVersion = 16.1;
					};
					FCEF098C2CF615BC00493A22 = {
						CreatedOnToolsVersion = 16.1;
					};
				};
			};
			buildConfigurationList = 2B6FD87E2A24E9FF00581498 /* Build configuration list for PBXProject "Coroutine" */;
			compatibilityVersion = "Xcode 14.0";
			developmentRegion = en;
			hasScannedForEncodings = 0;
			knownRegions = (
				en,
				Base,
			);
			mainGroup = 2B6FD87A2A24E9FF00581498;
			productRefGroup = 2B6FD87A2A24E9FF00581498;
			projectDirPath = "";
			projectRoot = "";
			targets = (
				2B6FD8822A24E9FF00581498 /* GuessCoroutine */,
				FCAD5C922CEE3FB200557101 /* TwoGuessCoroutineInMainThread */,
				FCAD5C9D2CEE3FC800557101 /* TwoGuessCoroutineInOneThread */,
				FCAD5CA82CEE3FD500557101 /* TwoGuessCoroutineInTwoThread */,
				FCAD5CB32CEE400100557101 /* CoroutineScheduler */,
				FCEF09062CF31B9400493A22 /* GuessCoroutineRunWithSelf */,
				FCEF09482CF33CA200493A22 /* CopyFileInMainThread */,
				FCEF09532CF33DE700493A22 /* CopyFileInThreadPool */,
				FCEF098C2CF615BC00493A22 /* FunctionCallCXX */,
			);
		};
/* End PBXProject section */

/* Begin PBXSourcesBuildPhase section */
		2B6FD87F2A24E9FF00581498 /* Sources */ = {
			isa = PBXSourcesBuildPhase;
			buildActionMask = 2147483647;
			files = (
				2B6FD8872A24E9FF00581498 /* main.cpp in Sources */,
			);
			runOnlyForDeploymentPostprocessing = 0;
		};
		FCAD5C8F2CEE3FB200557101 /* Sources */ = {
			isa = PBXSourcesBuildPhase;
			buildActionMask = 2147483647;
			files = (
			);
			runOnlyForDeploymentPostprocessing = 0;
		};
		FCAD5C9A2CEE3FC800557101 /* Sources */ = {
			isa = PBXSourcesBuildPhase;
			buildActionMask = 2147483647;
			files = (
			);
			runOnlyForDeploymentPostprocessing = 0;
		};
		FCAD5CA52CEE3FD500557101 /* Sources */ = {
			isa = PBXSourcesBuildPhase;
			buildActionMask = 2147483647;
			files = (
			);
			runOnlyForDeploymentPostprocessing = 0;
		};
		FCAD5CB02CEE400100557101 /* Sources */ = {
			isa = PBXSourcesBuildPhase;
			buildActionMask = 2147483647;
			files = (
			);
			runOnlyForDeploymentPostprocessing = 0;
		};
		FCEF09032CF31B9400493A22 /* Sources */ = {
			isa = PBXSourcesBuildPhase;
			buildActionMask = 2147483647;
			files = (
			);
			runOnlyForDeploymentPostprocessing = 0;
		};
		FCEF09452CF33CA200493A22 /* Sources */ = {
			isa = PBXSourcesBuildPhase;
			buildActionMask = 2147483647;
			files = (
			);
			runOnlyForDeploymentPostprocessing = 0;
		};
		FCEF09502CF33DE700493A22 /* Sources */ = {
			isa = PBXSourcesBuildPhase;
			buildActionMask = 2147483647;
			files = (
			);
			runOnlyForDeploymentPostprocessing = 0;
		};
		FCEF09892CF615BC00493A22 /* Sources */ = {
			isa = PBXSourcesBuildPhase;
			buildActionMask = 2147483647;
			files = (
			);
			runOnlyForDeploymentPostprocessing = 0;
		};
/* End PBXSourcesBuildPhase section */

/* Begin XCBuildConfiguration section */
		2B6FD8882A24E9FF00581498 /* Debug */ = {
			isa = XCBuildConfiguration;
			buildSettings = {
				ALWAYS_SEARCH_USER_PATHS = NO;
				CLANG_ANALYZER_NONNULL = YES;
				CLANG_ANALYZER_NUMBER_OBJECT_CONVERSION = YES_AGGRESSIVE;
				CLANG_CXX_LANGUAGE_STANDARD = "gnu++20";
				CLANG_ENABLE_MODULES = YES;
				CLANG_ENABLE_OBJC_ARC = YES;
				CLANG_ENABLE_OBJC_WEAK = YES;
				CLANG_WARN_BLOCK_CAPTURE_AUTORELEASING = YES;
				CLANG_WARN_BOOL_CONVERSION = YES;
				CLANG_WARN_COMMA = YES;
				CLANG_WARN_CONSTANT_CONVERSION = YES;
				CLANG_WARN_DEPRECATED_OBJC_IMPLEMENTATIONS = YES;
				CLANG_WARN_DIRECT_OBJC_ISA_USAGE = YES_ERROR;
				CLANG_WARN_DOCUMENTATION_COMMENTS = YES;
				CLANG_WARN_EMPTY_BODY = YES;
				CLANG_WARN_ENUM_CONVERSION = YES;
				CLANG_WARN_INFINITE_RECURSION = YES;
				CLANG_WARN_INT_CONVERSION = YES;
				CLANG_WARN_NON_LITERAL_NULL_CONVERSION = YES;
				CLANG_WARN_OBJC_IMPLICIT_RETAIN_SELF = YES;
				CLANG_WARN_OBJC_LITERAL_CONVERSION = YES;
				CLANG_WARN_OBJC_ROOT_CLASS = YES_ERROR;
				CLANG_WARN_QUOTED_INCLUDE_IN_FRAMEWORK_HEADER = YES;
				CLANG_WARN_RANGE_LOOP_ANALYSIS = YES;
				CLANG_WARN_STRICT_PROTOTYPES = YES;
				CLANG_WARN_SUSPICIOUS_MOVE = YES;
				CLANG_WARN_UNGUARDED_AVAILABILITY = YES_AGGRESSIVE;
				CLANG_WARN_UNREACHABLE_CODE = YES;
				CLANG_WARN__DUPLICATE_METHOD_MATCH = YES;
				COPY_PHASE_STRIP = NO;
				DEBUG_INFORMATION_FORMAT = dwarf;
				ENABLE_STRICT_OBJC_MSGSEND = YES;
				ENABLE_TESTABILITY = YES;
				GCC_C_LANGUAGE_STANDARD = gnu11;
				GCC_DYNAMIC_NO_PIC = NO;
				GCC_NO_COMMON_BLOCKS = YES;
				GCC_OPTIMIZATION_LEVEL = 0;
				GCC_PREPROCESSOR_DEFINITIONS = (
					"DEBUG=1",
					"$(inherited)",
				);
				GCC_WARN_64_TO_32_BIT_CONVERSION = YES;
				GCC_WARN_ABOUT_RETURN_TYPE = YES_ERROR;
				GCC_WARN_UNDECLARED_SELECTOR = YES;
				GCC_WARN_UNINITIALIZED_AUTOS = YES_AGGRESSIVE;
				GCC_WARN_UNUSED_FUNCTION = YES;
				GCC_WARN_UNUSED_VARIABLE = YES;
				MACOSX_DEPLOYMENT_TARGET = 13.3;
				MTL_ENABLE_DEBUG_INFO = INCLUDE_SOURCE;
				MTL_FAST_MATH = YES;
				ONLY_ACTIVE_ARCH = YES;
				SDKROOT = macosx;
			};
			name = Debug;
		};
		2B6FD8892A24E9FF00581498 /* Release */ = {
			isa = XCBuildConfiguration;
			buildSettings = {
				ALWAYS_SEARCH_USER_PATHS = NO;
				CLANG_ANALYZER_NONNULL = YES;
				CLANG_ANALYZER_NUMBER_OBJECT_CONVERSION = YES_AGGRESSIVE;
				CLANG_CXX_LANGUAGE_STANDARD = "gnu++20";
				CLANG_ENABLE_MODULES = YES;
				CLANG_ENABLE_OBJC_ARC = YES;
				CLANG_ENABLE_OBJC_WEAK = YES;
				CLANG_WARN_BLOCK_CAPTURE_AUTORELEASING = YES;
				CLANG_WARN_BOOL_CONVERSION = YES;
				CLANG_WARN_COMMA = YES;
				CLANG_WARN_CONSTANT_CONVERSION = YES;
				CLANG_WARN_DEPRECATED_OBJC_IMPLEMENTATIONS = YES;
				CLANG_WARN_DIRECT_OBJC_ISA_USAGE = YES_ERROR;
				CLANG_WARN_DOCUMENTATION_COMMENTS = YES;
				CLANG_WARN_EMPTY_BODY = YES;
				CLANG_WARN_ENUM_CONVERSION = YES;
				CLANG_WARN_INFINITE_RECURSION = YES;
				CLANG_WARN_INT_CONVERSION = YES;
				CLANG_WARN_NON_LITERAL_NULL_CONVERSION = YES;
				CLANG_WARN_OBJC_IMPLICIT_RETAIN_SELF = YES;
				CLANG_WARN_OBJC_LITERAL_CONVERSION = YES;
				CLANG_WARN_OBJC_ROOT_CLASS = YES_ERROR;
				CLANG_WARN_QUOTED_INCLUDE_IN_FRAMEWORK_HEADER = YES;
				CLANG_WARN_RANGE_LOOP_ANALYSIS = YES;
				CLANG_WARN_STRICT_PROTOTYPES = YES;
				CLANG_WARN_SUSPICIOUS_MOVE = YES;
				CLANG_WARN_UNGUARDED_AVAILABILITY = YES_AGGRESSIVE;
				CLANG_WARN_UNREACHABLE_CODE = YES;
				CLANG_WARN__DUPLICATE_METHOD_MATCH = YES;
				COPY_PHASE_STRIP = NO;
				DEBUG_INFORMATION_FORMAT = "dwarf-with-dsym";
				ENABLE_NS_ASSERTIONS = NO;
				ENABLE_STRICT_OBJC_MSGSEND = YES;
				GCC_C_LANGUAGE_STANDARD = gnu11;
				GCC_NO_COMMON_BLOCKS = YES;
				GCC_WARN_64_TO_32_BIT_CONVERSION = YES;
				GCC_WARN_ABOUT_RETURN_TYPE = YES_ERROR;
				GCC_WARN_UNDECLARED_SELECTOR = YES;
				GCC_WARN_UNINITIALIZED_AUTOS = YES_AGGRESSIVE;
				GCC_WARN_UNUSED_FUNCTION = YES;
				GCC_WARN_UNUSED_VARIABLE = YES;
				MACOSX_DEPLOYMENT_TARGET = 13.3;
				MTL_ENABLE_DEBUG_INFO = NO;
				MTL_FAST_MATH = YES;
				SDKROOT = macosx;
			};
			name = Release;
		};
		2B6FD88B2A24E9FF00581498 /* Debug */ = {
			isa = XCBuildConfiguration;
			buildSettings = {
				CODE_SIGN_STYLE = Automatic;
				PRODUCT_NAME = "$(TARGET_NAME)";
			};
			name = Debug;
		};
		2B6FD88C2A24E9FF00581498 /* Release */ = {
			isa = XCBuildConfiguration;
			buildSettings = {
				CODE_SIGN_STYLE = Automatic;
				PRODUCT_NAME = "$(TARGET_NAME)";
			};
			name = Release;
		};
		FCAD5C982CEE3FB200557101 /* Debug */ = {
			isa = XCBuildConfiguration;
			buildSettings = {
				ASSETCATALOG_COMPILER_GENERATE_SWIFT_ASSET_SYMBOL_EXTENSIONS = YES;
				CODE_SIGN_STYLE = Automatic;
				DEVELOPMENT_TEAM = WYCK5N8284;
				ENABLE_HARDENED_RUNTIME = YES;
				ENABLE_USER_SCRIPT_SANDBOXING = YES;
				GCC_C_LANGUAGE_STANDARD = gnu17;
				LOCALIZATION_PREFERS_STRING_CATALOGS = YES;
				MACOSX_DEPLOYMENT_TARGET = 15.1;
				PRODUCT_NAME = "$(TARGET_NAME)";
			};
			name = Debug;
		};
		FCAD5C992CEE3FB200557101 /* Release */ = {
			isa = XCBuildConfiguration;
			buildSettings = {
				ASSETCATALOG_COMPILER_GENERATE_SWIFT_ASSET_SYMBOL_EXTENSIONS = YES;
				CODE_SIGN_STYLE = Automatic;
				DEVELOPMENT_TEAM = WYCK5N8284;
				ENABLE_HARDENED_RUNTIME = YES;
				ENABLE_USER_SCRIPT_SANDBOXING = YES;
				GCC_C_LANGUAGE_STANDARD = gnu17;
				LOCALIZATION_PREFERS_STRING_CATALOGS = YES;
				MACOSX_DEPLOYMENT_TARGET = 15.1;
				PRODUCT_NAME = "$(TARGET_NAME)";
			};
			name = Release;
		};
		FCAD5CA32CEE3FC800557101 /* Debug */ = {
			isa = XCBuildConfiguration;
			buildSettings = {
				ASSETCATALOG_COMPILER_GENERATE_SWIFT_ASSET_SYMBOL_EXTENSIONS = YES;
				CODE_SIGN_STYLE = Automatic;
				DEVELOPMENT_TEAM = WYCK5N8284;
				ENABLE_HARDENED_RUNTIME = YES;
				ENABLE_USER_SCRIPT_SANDBOXING = YES;
				GCC_C_LANGUAGE_STANDARD = gnu17;
				LOCALIZATION_PREFERS_STRING_CATALOGS = YES;
				MACOSX_DEPLOYMENT_TARGET = 15.1;
				PRODUCT_NAME = "$(TARGET_NAME)";
			};
			name = Debug;
		};
		FCAD5CA42CEE3FC800557101 /* Release */ = {
			isa = XCBuildConfiguration;
			buildSettings = {
				ASSETCATALOG_COMPILER_GENERATE_SWIFT_ASSET_SYMBOL_EXTENSIONS = YES;
				CODE_SIGN_STYLE = Automatic;
				DEVELOPMENT_TEAM = WYCK5N8284;
				ENABLE_HARDENED_RUNTIME = YES;
				ENABLE_USER_SCRIPT_SANDBOXING = YES;
				GCC_C_LANGUAGE_STANDARD = gnu17;
				LOCALIZATION_PREFERS_STRING_CATALOGS = YES;
				MACOSX_DEPLOYMENT_TARGET = 15.1;
				PRODUCT_NAME = "$(TARGET_NAME)";
			};
			name = Release;
		};
		FCAD5CAE2CEE3FD500557101 /* Debug */ = {
			isa = XCBuildConfiguration;
			buildSettings = {
				ASSETCATALOG_COMPILER_GENERATE_SWIFT_ASSET_SYMBOL_EXTENSIONS = YES;
				CODE_SIGN_STYLE = Automatic;
				DEVELOPMENT_TEAM = WYCK5N8284;
				ENABLE_HARDENED_RUNTIME = YES;
				ENABLE_USER_SCRIPT_SANDBOXING = YES;
				GCC_C_LANGUAGE_STANDARD = gnu17;
				LOCALIZATION_PREFERS_STRING_CATALOGS = YES;
				MACOSX_DEPLOYMENT_TARGET = 15.1;
				PRODUCT_NAME = "$(TARGET_NAME)";
			};
			name = Debug;
		};
		FCAD5CAF2CEE3FD500557101 /* Release */ = {
			isa = XCBuildConfiguration;
			buildSettings = {
				ASSETCATALOG_COMPILER_GENERATE_SWIFT_ASSET_SYMBOL_EXTENSIONS = YES;
				CODE_SIGN_STYLE = Automatic;
				DEVELOPMENT_TEAM = WYCK5N8284;
				ENABLE_HARDENED_RUNTIME = YES;
				ENABLE_USER_SCRIPT_SANDBOXING = YES;
				GCC_C_LANGUAGE_STANDARD = gnu17;
				LOCALIZATION_PREFERS_STRING_CATALOGS = YES;
				MACOSX_DEPLOYMENT_TARGET = 15.1;
				PRODUCT_NAME = "$(TARGET_NAME)";
			};
			name = Release;
		};
		FCAD5CB92CEE400100557101 /* Debug */ = {
			isa = XCBuildConfiguration;
			buildSettings = {
				ASSETCATALOG_COMPILER_GENERATE_SWIFT_ASSET_SYMBOL_EXTENSIONS = YES;
				CODE_SIGN_STYLE = Automatic;
				DEVELOPMENT_TEAM = WYCK5N8284;
				ENABLE_HARDENED_RUNTIME = YES;
				ENABLE_USER_SCRIPT_SANDBOXING = YES;
				GCC_C_LANGUAGE_STANDARD = gnu17;
				LOCALIZATION_PREFERS_STRING_CATALOGS = YES;
				MACOSX_DEPLOYMENT_TARGET = 15.1;
				PRODUCT_NAME = "$(TARGET_NAME)";
			};
			name = Debug;
		};
		FCAD5CBA2CEE400100557101 /* Release */ = {
			isa = XCBuildConfiguration;
			buildSettings = {
				ASSETCATALOG_COMPILER_GENERATE_SWIFT_ASSET_SYMBOL_EXTENSIONS = YES;
				CODE_SIGN_STYLE = Automatic;
				DEVELOPMENT_TEAM = WYCK5N8284;
				ENABLE_HARDENED_RUNTIME = YES;
				ENABLE_USER_SCRIPT_SANDBOXING = YES;
				GCC_C_LANGUAGE_STANDARD = gnu17;
				LOCALIZATION_PREFERS_STRING_CATALOGS = YES;
				MACOSX_DEPLOYMENT_TARGET = 15.1;
				PRODUCT_NAME = "$(TARGET_NAME)";
			};
			name = Release;
		};
		FCEF090B2CF31B9400493A22 /* Debug */ = {
			isa = XCBuildConfiguration;
			buildSettings = {
				ASSETCATALOG_COMPILER_GENERATE_SWIFT_ASSET_SYMBOL_EXTENSIONS = YES;
				CODE_SIGN_STYLE = Automatic;
				DEVELOPMENT_TEAM = WYCK5N8284;
				ENABLE_HARDENED_RUNTIME = YES;
				ENABLE_USER_SCRIPT_SANDBOXING = YES;
				GCC_C_LANGUAGE_STANDARD = gnu17;
				LOCALIZATION_PREFERS_STRING_CATALOGS = YES;
				MACOSX_DEPLOYMENT_TARGET = 15.1;
				PRODUCT_NAME = "$(TARGET_NAME)";
			};
			name = Debug;
		};
		FCEF090C2CF31B9400493A22 /* Release */ = {
			isa = XCBuildConfiguration;
			buildSettings = {
				ASSETCATALOG_COMPILER_GENERATE_SWIFT_ASSET_SYMBOL_EXTENSIONS = YES;
				CODE_SIGN_STYLE = Automatic;
				DEVELOPMENT_TEAM = WYCK5N8284;
				ENABLE_HARDENED_RUNTIME = YES;
				ENABLE_USER_SCRIPT_SANDBOXING = YES;
				GCC_C_LANGUAGE_STANDARD = gnu17;
				LOCALIZATION_PREFERS_STRING_CATALOGS = YES;
				MACOSX_DEPLOYMENT_TARGET = 15.1;
				PRODUCT_NAME = "$(TARGET_NAME)";
			};
			name = Release;
		};
		FCEF094D2CF33CA200493A22 /* Debug */ = {
			isa = XCBuildConfiguration;
			buildSettings = {
				ASSETCATALOG_COMPILER_GENERATE_SWIFT_ASSET_SYMBOL_EXTENSIONS = YES;
				CODE_SIGN_STYLE = Automatic;
				DEVELOPMENT_TEAM = WYCK5N8284;
				ENABLE_HARDENED_RUNTIME = YES;
				ENABLE_USER_SCRIPT_SANDBOXING = YES;
				GCC_C_LANGUAGE_STANDARD = gnu17;
				LOCALIZATION_PREFERS_STRING_CATALOGS = YES;
				MACOSX_DEPLOYMENT_TARGET = 15.1;
				PRODUCT_NAME = "$(TARGET_NAME)";
			};
			name = Debug;
		};
		FCEF094E2CF33CA200493A22 /* Release */ = {
			isa = XCBuildConfiguration;
			buildSettings = {
				ASSETCATALOG_COMPILER_GENERATE_SWIFT_ASSET_SYMBOL_EXTENSIONS = YES;
				CODE_SIGN_STYLE = Automatic;
				DEVELOPMENT_TEAM = WYCK5N8284;
				ENABLE_HARDENED_RUNTIME = YES;
				ENABLE_USER_SCRIPT_SANDBOXING = YES;
				GCC_C_LANGUAGE_STANDARD = gnu17;
				LOCALIZATION_PREFERS_STRING_CATALOGS = YES;
				MACOSX_DEPLOYMENT_TARGET = 15.1;
				PRODUCT_NAME = "$(TARGET_NAME)";
			};
			name = Release;
		};
		FCEF09592CF33DE700493A22 /* Debug */ = {
			isa = XCBuildConfiguration;
			buildSettings = {
				ASSETCATALOG_COMPILER_GENERATE_SWIFT_ASSET_SYMBOL_EXTENSIONS = YES;
				CODE_SIGN_STYLE = Automatic;
				DEVELOPMENT_TEAM = WYCK5N8284;
				ENABLE_HARDENED_RUNTIME = YES;
				ENABLE_USER_SCRIPT_SANDBOXING = YES;
				GCC_C_LANGUAGE_STANDARD = gnu17;
				LOCALIZATION_PREFERS_STRING_CATALOGS = YES;
				MACOSX_DEPLOYMENT_TARGET = 15.1;
				PRODUCT_NAME = "$(TARGET_NAME)";
			};
			name = Debug;
		};
		FCEF095A2CF33DE700493A22 /* Release */ = {
			isa = XCBuildConfiguration;
			buildSettings = {
				ASSETCATALOG_COMPILER_GENERATE_SWIFT_ASSET_SYMBOL_EXTENSIONS = YES;
				CODE_SIGN_STYLE = Automatic;
				DEVELOPMENT_TEAM = WYCK5N8284;
				ENABLE_HARDENED_RUNTIME = YES;
				ENABLE_USER_SCRIPT_SANDBOXING = YES;
				GCC_C_LANGUAGE_STANDARD = gnu17;
				LOCALIZATION_PREFERS_STRING_CATALOGS = YES;
				MACOSX_DEPLOYMENT_TARGET = 15.1;
				PRODUCT_NAME = "$(TARGET_NAME)";
			};
			name = Release;
		};
		FCEF09912CF615BD00493A22 /* Debug */ = {
			isa = XCBuildConfiguration;
			buildSettings = {
				ASSETCATALOG_COMPILER_GENERATE_SWIFT_ASSET_SYMBOL_EXTENSIONS = YES;
				CODE_SIGN_STYLE = Automatic;
				DEVELOPMENT_TEAM = WYCK5N8284;
				ENABLE_HARDENED_RUNTIME = YES;
				ENABLE_USER_SCRIPT_SANDBOXING = YES;
				GCC_C_LANGUAGE_STANDARD = gnu17;
				LOCALIZATION_PREFERS_STRING_CATALOGS = YES;
				MACOSX_DEPLOYMENT_TARGET = 15.1;
				PRODUCT_NAME = "$(TARGET_NAME)";
			};
			name = Debug;
		};
		FCEF09922CF615BD00493A22 /* Release */ = {
			isa = XCBuildConfiguration;
			buildSettings = {
				ASSETCATALOG_COMPILER_GENERATE_SWIFT_ASSET_SYMBOL_EXTENSIONS = YES;
				CODE_SIGN_STYLE = Automatic;
				DEVELOPMENT_TEAM = WYCK5N8284;
				ENABLE_HARDENED_RUNTIME = YES;
				ENABLE_USER_SCRIPT_SANDBOXING = YES;
				GCC_C_LANGUAGE_STANDARD = gnu17;
				LOCALIZATION_PREFERS_STRING_CATALOGS = YES;
				MACOSX_DEPLOYMENT_TARGET = 15.1;
				PRODUCT_NAME = "$(TARGET_NAME)";
			};
			name = Release;
		};
/* End XCBuildConfiguration section */

/* Begin XCConfigurationList section */
		2B6FD87E2A24E9FF00581498 /* Build configuration list for PBXProject "Coroutine" */ = {
			isa = XCConfigurationList;
			buildConfigurations = (
				2B6FD8882A24E9FF00581498 /* Debug */,
				2B6FD8892A24E9FF00581498 /* Release */,
			);
			defaultConfigurationIsVisible = 0;
			defaultConfigurationName = Release;
		};
		2B6FD88A2A24E9FF00581498 /* Build configuration list for PBXNativeTarget "GuessCoroutine" */ = {
			isa = XCConfigurationList;
			buildConfigurations = (
				2B6FD88B2A24E9FF00581498 /* Debug */,
				2B6FD88C2A24E9FF00581498 /* Release */,
			);
			defaultConfigurationIsVisible = 0;
			defaultConfigurationName = Release;
		};
		FCAD5C972CEE3FB200557101 /* Build configuration list for PBXNativeTarget "TwoGuessCoroutineInMainThread" */ = {
			isa = XCConfigurationList;
			buildConfigurations = (
				FCAD5C982CEE3FB200557101 /* Debug */,
				FCAD5C992CEE3FB200557101 /* Release */,
			);
			defaultConfigurationIsVisible = 0;
			defaultConfigurationName = Release;
		};
		FCAD5CA22CEE3FC800557101 /* Build configuration list for PBXNativeTarget "TwoGuessCoroutineInOneThread" */ = {
			isa = XCConfigurationList;
			buildConfigurations = (
				FCAD5CA32CEE3FC800557101 /* Debug */,
				FCAD5CA42CEE3FC800557101 /* Release */,
			);
			defaultConfigurationIsVisible = 0;
			defaultConfigurationName = Release;
		};
		FCAD5CAD2CEE3FD500557101 /* Build configuration list for PBXNativeTarget "TwoGuessCoroutineInTwoThread" */ = {
			isa = XCConfigurationList;
			buildConfigurations = (
				FCAD5CAE2CEE3FD500557101 /* Debug */,
				FCAD5CAF2CEE3FD500557101 /* Release */,
			);
			defaultConfigurationIsVisible = 0;
			defaultConfigurationName = Release;
		};
		FCAD5CB82CEE400100557101 /* Build configuration list for PBXNativeTarget "CoroutineScheduler" */ = {
			isa = XCConfigurationList;
			buildConfigurations = (
				FCAD5CB92CEE400100557101 /* Debug */,
				FCAD5CBA2CEE400100557101 /* Release */,
			);
			defaultConfigurationIsVisible = 0;
			defaultConfigurationName = Release;
		};
		FCEF090D2CF31B9400493A22 /* Build configuration list for PBXNativeTarget "GuessCoroutineRunWithSelf" */ = {
			isa = XCConfigurationList;
			buildConfigurations = (
				FCEF090B2CF31B9400493A22 /* Debug */,
				FCEF090C2CF31B9400493A22 /* Release */,
			);
			defaultConfigurationIsVisible = 0;
			defaultConfigurationName = Release;
		};
		FCEF094F2CF33CA200493A22 /* Build configuration list for PBXNativeTarget "CopyFileInMainThread" */ = {
			isa = XCConfigurationList;
			buildConfigurations = (
				FCEF094D2CF33CA200493A22 /* Debug */,
				FCEF094E2CF33CA200493A22 /* Release */,
			);
			defaultConfigurationIsVisible = 0;
			defaultConfigurationName = Release;
		};
		FCEF09582CF33DE700493A22 /* Build configuration list for PBXNativeTarget "CopyFileInThreadPool" */ = {
			isa = XCConfigurationList;
			buildConfigurations = (
				FCEF09592CF33DE700493A22 /* Debug */,
				FCEF095A2CF33DE700493A22 /* Release */,
			);
			defaultConfigurationIsVisible = 0;
			defaultConfigurationName = Release;
		};
		FCEF09932CF615D300493A22 /* Build configuration list for PBXNativeTarget "FunctionCallCXX" */ = {
			isa = XCConfigurationList;
			buildConfigurations = (
				FCEF09912CF615BD00493A22 /* Debug */,
				FCEF09922CF615BD00493A22 /* Release */,
			);
			defaultConfigurationIsVisible = 0;
			defaultConfigurationName = Release;
		};
/* End XCConfigurationList section */
	};
	rootObject = 2B6FD87B2A24E9FF00581498 /* Project object */;
}
