// !$*UTF8*$!
{
	archiveVersion = 1;
	classes = {
	};
	objectVersion = 70;
	objects = {

/* Begin PBXBuildFile section */
		2B6FD8872A24E9FF00581498 /* main.cpp in Sources */ = {isa = PBXBuildFile; fileRef = 2B6FD8862A24E9FF00581498 /* main.cpp */; };
/* End PBXBuildFile section */

/* Begin PBXCopyFilesBuildPhase section */
		2B6FD8812A24E9FF00581498 /* CopyFiles */ = {
			isa = PBXCopyFilesBuildPhase;
			buildActionMask = 2147483647;
			dstPath = /usr/share/man/man1/;
			dstSubfolderSpec = 0;
			files = (
			);
			runOnlyForDeploymentPostprocessing = 1;
		};
		FCAD5C912CEE3FB200557101 /* CopyFiles */ = {
			isa = PBXCopyFilesBuildPhase;
			buildActionMask = 2147483647;
			dstPath = /usr/share/man/man1/;
			dstSubfolderSpec = 0;
			files = (
			);
			runOnlyForDeploymentPostprocessing = 1;
		};
		FCAD5C9C2CEE3FC800557101 /* CopyFiles */ = {
			isa = PBXCopyFilesBuildPhase;
			buildActionMask = 2147483647;
			dstPath = /usr/share/man/man1/;
			dstSubfolderSpec = 0;
			files = (
			);
			runOnlyForDeploymentPostprocessing = 1;
		};
		FCAD5CA72CEE3FD500557101 /* CopyFiles */ = {
			isa = PBXCopyFilesBuildPhase;
			buildActionMask = 2147483647;
			dstPath = /usr/share/man/man1/;
			dstSubfolderSpec = 0;
			files = (
			);
			runOnlyForDeploymentPostprocessing = 1;
		};
		FCAD5CB22CEE400100557101 /* CopyFiles */ = {
			isa = PBXCopyFilesBuildPhase;
			buildActionMask = 2147483647;
			dstPath = /usr/share/man/man1/;
			dstSubfolderSpec = 0;
			files = (
			);
			runOnlyForDeploymentPostprocessing = 1;
		};
/* End PBXCopyFilesBuildPhase section */

/* Begin PBXFileReference section */
		2B00D0732A2B3398000BAE42 /* README.md */ = {isa = PBXFileReference; lastKnownFileType = net.daringfireball.markdown; path = README.md; sourceTree = "<group>"; };
		2B6FD8832A24E9FF00581498 /* Coroutine */ = {isa = PBXFileReference; explicitFileType = "compiled.mach-o.executable"; includeInIndex = 0; path = Coroutine; sourceTree = BUILT_PRODUCTS_DIR; };
		2B6FD8862A24E9FF00581498 /* main.cpp */ = {isa = PBXFileReference; lastKnownFileType = sourcecode.cpp.cpp; path = main.cpp; sourceTree = "<group>"; };
		2B6FD88D2A2581E600581498 /* OutPut.md */ = {isa = PBXFileReference; lastKnownFileType = net.daringfireball.markdown; path = OutPut.md; sourceTree = "<group>"; };
		FCAD5C932CEE3FB200557101 /* TwoCoroutineInMainThread */ = {isa = PBXFileReference; explicitFileType = "compiled.mach-o.executable"; includeInIndex = 0; path = TwoCoroutineInMainThread; sourceTree = BUILT_PRODUCTS_DIR; };
		FCAD5C9E2CEE3FC800557101 /* TwoCoroutineInOneThread */ = {isa = PBXFileReference; explicitFileType = "compiled.mach-o.executable"; includeInIndex = 0; path = TwoCoroutineInOneThread; sourceTree = BUILT_PRODUCTS_DIR; };
		FCAD5CA92CEE3FD500557101 /* TwoCoroutineInTwoThread */ = {isa = PBXFileReference; explicitFileType = "compiled.mach-o.executable"; includeInIndex = 0; path = TwoCoroutineInTwoThread; sourceTree = BUILT_PRODUCTS_DIR; };
		FCAD5CB42CEE400100557101 /* CoroutineScheduler */ = {isa = PBXFileReference; explicitFileType = "compiled.mach-o.executable"; includeInIndex = 0; path = CoroutineScheduler; sourceTree = BUILT_PRODUCTS_DIR; };
		FCF38BD82CF2CEEA00081A46 /* license */ = {isa = PBXFileReference; lastKnownFileType = text; path = license; sourceTree = "<group>"; };
/* End PBXFileReference section */

/* Begin PBXFileSystemSynchronizedRootGroup section */
		FCAD5C942CEE3FB200557101 /* TwoCoroutineInMainThread */ = {isa = PBXFileSystemSynchronizedRootGroup; explicitFileTypes = {}; explicitFolders = (); path = TwoCoroutineInMainThread; sourceTree = "<group>"; };
		FCAD5C9F2CEE3FC800557101 /* TwoCoroutineInOneThread */ = {isa = PBXFileSystemSynchronizedRootGroup; explicitFileTypes = {}; explicitFolders = (); path = TwoCoroutineInOneThread; sourceTree = "<group>"; };
		FCAD5CAA2CEE3FD500557101 /* TwoCoroutineInTwoThread */ = {isa = PBXFileSystemSynchronizedRootGroup; explicitFileTypes = {}; explicitFolders = (); path = TwoCoroutineInTwoThread; sourceTree = "<group>"; };
		FCAD5CB52CEE400100557101 /* CoroutineScheduler */ = {isa = PBXFileSystemSynchronizedRootGroup; explicitFileTypes = {}; explicitFolders = (); path = CoroutineScheduler; sourceTree = "<group>"; };
/* End PBXFileSystemSynchronizedRootGroup section */

/* Begin PBXFrameworksBuildPhase section */
		2B6FD8802A24E9FF00581498 /* Frameworks */ = {
			isa = PBXFrameworksBuildPhase;
			buildActionMask = 2147483647;
			files = (
			);
			runOnlyForDeploymentPostprocessing = 0;
		};
		FCAD5C902CEE3FB200557101 /* Frameworks */ = {
			isa = PBXFrameworksBuildPhase;
			buildActionMask = 2147483647;
			files = (
			);
			runOnlyForDeploymentPostprocessing = 0;
		};
		FCAD5C9B2CEE3FC800557101 /* Frameworks */ = {
			isa = PBXFrameworksBuildPhase;
			buildActionMask = 2147483647;
			files = (
			);
			runOnlyForDeploymentPostprocessing = 0;
		};
		FCAD5CA62CEE3FD500557101 /* Frameworks */ = {
			isa = PBXFrameworksBuildPhase;
			buildActionMask = 2147483647;
			files = (
			);
			runOnlyForDeploymentPostprocessing = 0;
		};
		FCAD5CB12CEE400100557101 /* Frameworks */ = {
			isa = PBXFrameworksBuildPhase;
			buildActionMask = 2147483647;
			files = (
			);
			runOnlyForDeploymentPostprocessing = 0;
		};
/* End PBXFrameworksBuildPhase section */

/* Begin PBXGroup section */
		2B6FD87A2A24E9FF00581498 = {
			isa = PBXGroup;
			children = (
				FCF38BD82CF2CEEA00081A46 /* license */,
				2B6FD8852A24E9FF00581498 /* Coroutine */,
				FCAD5C942CEE3FB200557101 /* TwoCoroutineInMainThread */,
				FCAD5C9F2CEE3FC800557101 /* TwoCoroutineInOneThread */,
				FCAD5CAA2CEE3FD500557101 /* TwoCoroutineInTwoThread */,
				FCAD5CB52CEE400100557101 /* CoroutineScheduler */,
				2B6FD8842A24E9FF00581498 /* Products */,
			);
			sourceTree = "<group>";
		};
		2B6FD8842A24E9FF00581498 /* Products */ = {
			isa = PBXGroup;
			children = (
				2B6FD8832A24E9FF00581498 /* Coroutine */,
				FCAD5C932CEE3FB200557101 /* TwoCoroutineInMainThread */,
				FCAD5C9E2CEE3FC800557101 /* TwoCoroutineInOneThread */,
				FCAD5CA92CEE3FD500557101 /* TwoCoroutineInTwoThread */,
				FCAD5CB42CEE400100557101 /* CoroutineScheduler */,
			);
			name = Products;
			sourceTree = "<group>";
		};
		2B6FD8852A24E9FF00581498 /* Coroutine */ = {
			isa = PBXGroup;
			children = (
				2B6FD8862A24E9FF00581498 /* main.cpp */,
				2B6FD88D2A2581E600581498 /* OutPut.md */,
				2B00D0732A2B3398000BAE42 /* README.md */,
			);
			path = Coroutine;
			sourceTree = "<group>";
		};
/* End PBXGroup section */

/* Begin PBXNativeTarget section */
		2B6FD8822A24E9FF00581498 /* Coroutine */ = {
			isa = PBXNativeTarget;
			buildConfigurationList = 2B6FD88A2A24E9FF00581498 /* Build configuration list for PBXNativeTarget "Coroutine" */;
			buildPhases = (
				2B6FD87F2A24E9FF00581498 /* Sources */,
				2B6FD8802A24E9FF00581498 /* Frameworks */,
				2B6FD8812A24E9FF00581498 /* CopyFiles */,
			);
			buildRules = (
			);
			dependencies = (
			);
			name = Coroutine;
			productName = Coroutine;
			productReference = 2B6FD8832A24E9FF00581498 /* Coroutine */;
			productType = "com.apple.product-type.tool";
		};
		FCAD5C922CEE3FB200557101 /* TwoCoroutineInMainThread */ = {
			isa = PBXNativeTarget;
			buildConfigurationList = FCAD5C972CEE3FB200557101 /* Build configuration list for PBXNativeTarget "TwoCoroutineInMainThread" */;
			buildPhases = (
				FCAD5C8F2CEE3FB200557101 /* Sources */,
				FCAD5C902CEE3FB200557101 /* Frameworks */,
				FCAD5C912CEE3FB200557101 /* CopyFiles */,
			);
			buildRules = (
			);
			dependencies = (
			);
			fileSystemSynchronizedGroups = (
				FCAD5C942CEE3FB200557101 /* TwoCoroutineInMainThread */,
			);
			name = TwoCoroutineInMainThread;
			packageProductDependencies = (
			);
			productName = TwoCoroutineInMainThread;
			productReference = FCAD5C932CEE3FB200557101 /* TwoCoroutineInMainThread */;
			productType = "com.apple.product-type.tool";
		};
		FCAD5C9D2CEE3FC800557101 /* TwoCoroutineInOneThread */ = {
			isa = PBXNativeTarget;
			buildConfigurationList = FCAD5CA22CEE3FC800557101 /* Build configuration list for PBXNativeTarget "TwoCoroutineInOneThread" */;
			buildPhases = (
				FCAD5C9A2CEE3FC800557101 /* Sources */,
				FCAD5C9B2CEE3FC800557101 /* Frameworks */,
				FCAD5C9C2CEE3FC800557101 /* CopyFiles */,
			);
			buildRules = (
			);
			dependencies = (
			);
			fileSystemSynchronizedGroups = (
				FCAD5C9F2CEE3FC800557101 /* TwoCoroutineInOneThread */,
			);
			name = TwoCoroutineInOneThread;
			packageProductDependencies = (
			);
			productName = TwoCoroutineInOneThread;
			productReference = FCAD5C9E2CEE3FC800557101 /* TwoCoroutineInOneThread */;
			productType = "com.apple.product-type.tool";
		};
		FCAD5CA82CEE3FD500557101 /* TwoCoroutineInTwoThread */ = {
			isa = PBXNativeTarget;
			buildConfigurationList = FCAD5CAD2CEE3FD500557101 /* Build configuration list for PBXNativeTarget "TwoCoroutineInTwoThread" */;
			buildPhases = (
				FCAD5CA52CEE3FD500557101 /* Sources */,
				FCAD5CA62CEE3FD500557101 /* Frameworks */,
				FCAD5CA72CEE3FD500557101 /* CopyFiles */,
			);
			buildRules = (
			);
			dependencies = (
			);
			fileSystemSynchronizedGroups = (
				FCAD5CAA2CEE3FD500557101 /* TwoCoroutineInTwoThread */,
			);
			name = TwoCoroutineInTwoThread;
			packageProductDependencies = (
			);
			productName = TwoCoroutineInTwoThread;
			productReference = FCAD5CA92CEE3FD500557101 /* TwoCoroutineInTwoThread */;
			productType = "com.apple.product-type.tool";
		};
		FCAD5CB32CEE400100557101 /* CoroutineScheduler */ = {
			isa = PBXNativeTarget;
			buildConfigurationList = FCAD5CB82CEE400100557101 /* Build configuration list for PBXNativeTarget "CoroutineScheduler" */;
			buildPhases = (
				FCAD5CB02CEE400100557101 /* Sources */,
				FCAD5CB12CEE400100557101 /* Frameworks */,
				FCAD5CB22CEE400100557101 /* CopyFiles */,
			);
			buildRules = (
			);
			dependencies = (
			);
			fileSystemSynchronizedGroups = (
				FCAD5CB52CEE400100557101 /* CoroutineScheduler */,
			);
			name = CoroutineScheduler;
			packageProductDependencies = (
			);
			productName = CoroutineScheduler;
			productReference = FCAD5CB42CEE400100557101 /* CoroutineScheduler */;
			productType = "com.apple.product-type.tool";
		};
/* End PBXNativeTarget section */

/* Begin PBXProject section */
		2B6FD87B2A24E9FF00581498 /* Project object */ = {
			isa = PBXProject;
			attributes = {
				BuildIndependentTargetsInParallel = 1;
				LastSwiftUpdateCheck = 1610;
				LastUpgradeCheck = 1430;
				TargetAttributes = {
					2B6FD8822A24E9FF00581498 = {
						CreatedOnToolsVersion = 14.3;
					};
					FCAD5C922CEE3FB200557101 = {
						CreatedOnToolsVersion = 16.1;
					};
					FCAD5C9D2CEE3FC800557101 = {
						CreatedOnToolsVersion = 16.1;
					};
					FCAD5CA82CEE3FD500557101 = {
						CreatedOnToolsVersion = 16.1;
					};
					FCAD5CB32CEE400100557101 = {
						CreatedOnToolsVersion = 16.1;
					};
				};
			};
			buildConfigurationList = 2B6FD87E2A24E9FF00581498 /* Build configuration list for PBXProject "Coroutine" */;
			compatibilityVersion = "Xcode 14.0";
			developmentRegion = en;
			hasScannedForEncodings = 0;
			knownRegions = (
				en,
				Base,
			);
			mainGroup = 2B6FD87A2A24E9FF00581498;
			productRefGroup = 2B6FD8842A24E9FF00581498 /* Products */;
			projectDirPath = "";
			projectRoot = "";
			targets = (
				2B6FD8822A24E9FF00581498 /* Coroutine */,
				FCAD5C922CEE3FB200557101 /* TwoCoroutineInMainThread */,
				FCAD5C9D2CEE3FC800557101 /* TwoCoroutineInOneThread */,
				FCAD5CA82CEE3FD500557101 /* TwoCoroutineInTwoThread */,
				FCAD5CB32CEE400100557101 /* CoroutineScheduler */,
			);
		};
/* End PBXProject section */

/* Begin PBXSourcesBuildPhase section */
		2B6FD87F2A24E9FF00581498 /* Sources */ = {
			isa = PBXSourcesBuildPhase;
			buildActionMask = 2147483647;
			files = (
				2B6FD8872A24E9FF00581498 /* main.cpp in Sources */,
			);
			runOnlyForDeploymentPostprocessing = 0;
		};
		FCAD5C8F2CEE3FB200557101 /* Sources */ = {
			isa = PBXSourcesBuildPhase;
			buildActionMask = 2147483647;
			files = (
			);
			runOnlyForDeploymentPostprocessing = 0;
		};
		FCAD5C9A2CEE3FC800557101 /* Sources */ = {
			isa = PBXSourcesBuildPhase;
			buildActionMask = 2147483647;
			files = (
			);
			runOnlyForDeploymentPostprocessing = 0;
		};
		FCAD5CA52CEE3FD500557101 /* Sources */ = {
			isa = PBXSourcesBuildPhase;
			buildActionMask = 2147483647;
			files = (
			);
			runOnlyForDeploymentPostprocessing = 0;
		};
		FCAD5CB02CEE400100557101 /* Sources */ = {
			isa = PBXSourcesBuildPhase;
			buildActionMask = 2147483647;
			files = (
			);
			runOnlyForDeploymentPostprocessing = 0;
		};
/* End PBXSourcesBuildPhase section */

/* Begin XCBuildConfiguration section */
		2B6FD8882A24E9FF00581498 /* Debug */ = {
			isa = XCBuildConfiguration;
			buildSettings = {
				ALWAYS_SEARCH_USER_PATHS = NO;
				CLANG_ANALYZER_NONNULL = YES;
				CLANG_ANALYZER_NUMBER_OBJECT_CONVERSION = YES_AGGRESSIVE;
				CLANG_CXX_LANGUAGE_STANDARD = "gnu++20";
				CLANG_ENABLE_MODULES = YES;
				CLANG_ENABLE_OBJC_ARC = YES;
				CLANG_ENABLE_OBJC_WEAK = YES;
				CLANG_WARN_BLOCK_CAPTURE_AUTORELEASING = YES;
				CLANG_WARN_BOOL_CONVERSION = YES;
				CLANG_WARN_COMMA = YES;
				CLANG_WARN_CONSTANT_CONVERSION = YES;
				CLANG_WARN_DEPRECATED_OBJC_IMPLEMENTATIONS = YES;
				CLANG_WARN_DIRECT_OBJC_ISA_USAGE = YES_ERROR;
				CLANG_WARN_DOCUMENTATION_COMMENTS = YES;
				CLANG_WARN_EMPTY_BODY = YES;
				CLANG_WARN_ENUM_CONVERSION = YES;
				CLANG_WARN_INFINITE_RECURSION = YES;
				CLANG_WARN_INT_CONVERSION = YES;
				CLANG_WARN_NON_LITERAL_NULL_CONVERSION = YES;
				CLANG_WARN_OBJC_IMPLICIT_RETAIN_SELF = YES;
				CLANG_WARN_OBJC_LITERAL_CONVERSION = YES;
				CLANG_WARN_OBJC_ROOT_CLASS = YES_ERROR;
				CLANG_WARN_QUOTED_INCLUDE_IN_FRAMEWORK_HEADER = YES;
				CLANG_WARN_RANGE_LOOP_ANALYSIS = YES;
				CLANG_WARN_STRICT_PROTOTYPES = YES;
				CLANG_WARN_SUSPICIOUS_MOVE = YES;
				CLANG_WARN_UNGUARDED_AVAILABILITY = YES_AGGRESSIVE;
				CLANG_WARN_UNREACHABLE_CODE = YES;
				CLANG_WARN__DUPLICATE_METHOD_MATCH = YES;
				COPY_PHASE_STRIP = NO;
				DEBUG_INFORMATION_FORMAT = dwarf;
				ENABLE_STRICT_OBJC_MSGSEND = YES;
				ENABLE_TESTABILITY = YES;
				GCC_C_LANGUAGE_STANDARD = gnu11;
				GCC_DYNAMIC_NO_PIC = NO;
				GCC_NO_COMMON_BLOCKS = YES;
				GCC_OPTIMIZATION_LEVEL = 0;
				GCC_PREPROCESSOR_DEFINITIONS = (
					"DEBUG=1",
					"$(inherited)",
				);
				GCC_WARN_64_TO_32_BIT_CONVERSION = YES;
				GCC_WARN_ABOUT_RETURN_TYPE = YES_ERROR;
				GCC_WARN_UNDECLARED_SELECTOR = YES;
				GCC_WARN_UNINITIALIZED_AUTOS = YES_AGGRESSIVE;
				GCC_WARN_UNUSED_FUNCTION = YES;
				GCC_WARN_UNUSED_VARIABLE = YES;
				MACOSX_DEPLOYMENT_TARGET = 13.3;
				MTL_ENABLE_DEBUG_INFO = INCLUDE_SOURCE;
				MTL_FAST_MATH = YES;
				ONLY_ACTIVE_ARCH = YES;
				SDKROOT = macosx;
			};
			name = Debug;
		};
		2B6FD8892A24E9FF00581498 /* Release */ = {
			isa = XCBuildConfiguration;
			buildSettings = {
				ALWAYS_SEARCH_USER_PATHS = NO;
				CLANG_ANALYZER_NONNULL = YES;
				CLANG_ANALYZER_NUMBER_OBJECT_CONVERSION = YES_AGGRESSIVE;
				CLANG_CXX_LANGUAGE_STANDARD = "gnu++20";
				CLANG_ENABLE_MODULES = YES;
				CLANG_ENABLE_OBJC_ARC = YES;
				CLANG_ENABLE_OBJC_WEAK = YES;
				CLANG_WARN_BLOCK_CAPTURE_AUTORELEASING = YES;
				CLANG_WARN_BOOL_CONVERSION = YES;
				CLANG_WARN_COMMA = YES;
				CLANG_WARN_CONSTANT_CONVERSION = YES;
				CLANG_WARN_DEPRECATED_OBJC_IMPLEMENTATIONS = YES;
				CLANG_WARN_DIRECT_OBJC_ISA_USAGE = YES_ERROR;
				CLANG_WARN_DOCUMENTATION_COMMENTS = YES;
				CLANG_WARN_EMPTY_BODY = YES;
				CLANG_WARN_ENUM_CONVERSION = YES;
				CLANG_WARN_INFINITE_RECURSION = YES;
				CLANG_WARN_INT_CONVERSION = YES;
				CLANG_WARN_NON_LITERAL_NULL_CONVERSION = YES;
				CLANG_WARN_OBJC_IMPLICIT_RETAIN_SELF = YES;
				CLANG_WARN_OBJC_LITERAL_CONVERSION = YES;
				CLANG_WARN_OBJC_ROOT_CLASS = YES_ERROR;
				CLANG_WARN_QUOTED_INCLUDE_IN_FRAMEWORK_HEADER = YES;
				CLANG_WARN_RANGE_LOOP_ANALYSIS = YES;
				CLANG_WARN_STRICT_PROTOTYPES = YES;
				CLANG_WARN_SUSPICIOUS_MOVE = YES;
				CLANG_WARN_UNGUARDED_AVAILABILITY = YES_AGGRESSIVE;
				CLANG_WARN_UNREACHABLE_CODE = YES;
				CLANG_WARN__DUPLICATE_METHOD_MATCH = YES;
				COPY_PHASE_STRIP = NO;
				DEBUG_INFORMATION_FORMAT = "dwarf-with-dsym";
				ENABLE_NS_ASSERTIONS = NO;
				ENABLE_STRICT_OBJC_MSGSEND = YES;
				GCC_C_LANGUAGE_STANDARD = gnu11;
				GCC_NO_COMMON_BLOCKS = YES;
				GCC_WARN_64_TO_32_BIT_CONVERSION = YES;
				GCC_WARN_ABOUT_RETURN_TYPE = YES_ERROR;
				GCC_WARN_UNDECLARED_SELECTOR = YES;
				GCC_WARN_UNINITIALIZED_AUTOS = YES_AGGRESSIVE;
				GCC_WARN_UNUSED_FUNCTION = YES;
				GCC_WARN_UNUSED_VARIABLE = YES;
				MACOSX_DEPLOYMENT_TARGET = 13.3;
				MTL_ENABLE_DEBUG_INFO = NO;
				MTL_FAST_MATH = YES;
				SDKROOT = macosx;
			};
			name = Release;
		};
		2B6FD88B2A24E9FF00581498 /* Debug */ = {
			isa = XCBuildConfiguration;
			buildSettings = {
				CODE_SIGN_STYLE = Automatic;
				PRODUCT_NAME = "$(TARGET_NAME)";
			};
			name = Debug;
		};
		2B6FD88C2A24E9FF00581498 /* Release */ = {
			isa = XCBuildConfiguration;
			buildSettings = {
				CODE_SIGN_STYLE = Automatic;
				PRODUCT_NAME = "$(TARGET_NAME)";
			};
			name = Release;
		};
		FCAD5C982CEE3FB200557101 /* Debug */ = {
			isa = XCBuildConfiguration;
			buildSettings = {
				ASSETCATALOG_COMPILER_GENERATE_SWIFT_ASSET_SYMBOL_EXTENSIONS = YES;
				CODE_SIGN_STYLE = Automatic;
				DEVELOPMENT_TEAM = WYCK5N8284;
				ENABLE_HARDENED_RUNTIME = YES;
				ENABLE_USER_SCRIPT_SANDBOXING = YES;
				GCC_C_LANGUAGE_STANDARD = gnu17;
				LOCALIZATION_PREFERS_STRING_CATALOGS = YES;
				MACOSX_DEPLOYMENT_TARGET = 15.1;
				PRODUCT_NAME = "$(TARGET_NAME)";
			};
			name = Debug;
		};
		FCAD5C992CEE3FB200557101 /* Release */ = {
			isa = XCBuildConfiguration;
			buildSettings = {
				ASSETCATALOG_COMPILER_GENERATE_SWIFT_ASSET_SYMBOL_EXTENSIONS = YES;
				CODE_SIGN_STYLE = Automatic;
				DEVELOPMENT_TEAM = WYCK5N8284;
				ENABLE_HARDENED_RUNTIME = YES;
				ENABLE_USER_SCRIPT_SANDBOXING = YES;
				GCC_C_LANGUAGE_STANDARD = gnu17;
				LOCALIZATION_PREFERS_STRING_CATALOGS = YES;
				MACOSX_DEPLOYMENT_TARGET = 15.1;
				PRODUCT_NAME = "$(TARGET_NAME)";
			};
			name = Release;
		};
		FCAD5CA32CEE3FC800557101 /* Debug */ = {
			isa = XCBuildConfiguration;
			buildSettings = {
				ASSETCATALOG_COMPILER_GENERATE_SWIFT_ASSET_SYMBOL_EXTENSIONS = YES;
				CODE_SIGN_STYLE = Automatic;
				DEVELOPMENT_TEAM = WYCK5N8284;
				ENABLE_HARDENED_RUNTIME = YES;
				ENABLE_USER_SCRIPT_SANDBOXING = YES;
				GCC_C_LANGUAGE_STANDARD = gnu17;
				LOCALIZATION_PREFERS_STRING_CATALOGS = YES;
				MACOSX_DEPLOYMENT_TARGET = 15.1;
				PRODUCT_NAME = "$(TARGET_NAME)";
			};
			name = Debug;
		};
		FCAD5CA42CEE3FC800557101 /* Release */ = {
			isa = XCBuildConfiguration;
			buildSettings = {
				ASSETCATALOG_COMPILER_GENERATE_SWIFT_ASSET_SYMBOL_EXTENSIONS = YES;
				CODE_SIGN_STYLE = Automatic;
				DEVELOPMENT_TEAM = WYCK5N8284;
				ENABLE_HARDENED_RUNTIME = YES;
				ENABLE_USER_SCRIPT_SANDBOXING = YES;
				GCC_C_LANGUAGE_STANDARD = gnu17;
				LOCALIZATION_PREFERS_STRING_CATALOGS = YES;
				MACOSX_DEPLOYMENT_TARGET = 15.1;
				PRODUCT_NAME = "$(TARGET_NAME)";
			};
			name = Release;
		};
		FCAD5CAE2CEE3FD500557101 /* Debug */ = {
			isa = XCBuildConfiguration;
			buildSettings = {
				ASSETCATALOG_COMPILER_GENERATE_SWIFT_ASSET_SYMBOL_EXTENSIONS = YES;
				CODE_SIGN_STYLE = Automatic;
				DEVELOPMENT_TEAM = WYCK5N8284;
				ENABLE_HARDENED_RUNTIME = YES;
				ENABLE_USER_SCRIPT_SANDBOXING = YES;
				GCC_C_LANGUAGE_STANDARD = gnu17;
				LOCALIZATION_PREFERS_STRING_CATALOGS = YES;
				MACOSX_DEPLOYMENT_TARGET = 15.1;
				PRODUCT_NAME = "$(TARGET_NAME)";
			};
			name = Debug;
		};
		FCAD5CAF2CEE3FD500557101 /* Release */ = {
			isa = XCBuildConfiguration;
			buildSettings = {
				ASSETCATALOG_COMPILER_GENERATE_SWIFT_ASSET_SYMBOL_EXTENSIONS = YES;
				CODE_SIGN_STYLE = Automatic;
				DEVELOPMENT_TEAM = WYCK5N8284;
				ENABLE_HARDENED_RUNTIME = YES;
				ENABLE_USER_SCRIPT_SANDBOXING = YES;
				GCC_C_LANGUAGE_STANDARD = gnu17;
				LOCALIZATION_PREFERS_STRING_CATALOGS = YES;
				MACOSX_DEPLOYMENT_TARGET = 15.1;
				PRODUCT_NAME = "$(TARGET_NAME)";
			};
			name = Release;
		};
		FCAD5CB92CEE400100557101 /* Debug */ = {
			isa = XCBuildConfiguration;
			buildSettings = {
				ASSETCATALOG_COMPILER_GENERATE_SWIFT_ASSET_SYMBOL_EXTENSIONS = YES;
				CODE_SIGN_STYLE = Automatic;
				DEVELOPMENT_TEAM = WYCK5N8284;
				ENABLE_HARDENED_RUNTIME = YES;
				ENABLE_USER_SCRIPT_SANDBOXING = YES;
				GCC_C_LANGUAGE_STANDARD = gnu17;
				LOCALIZATION_PREFERS_STRING_CATALOGS = YES;
				MACOSX_DEPLOYMENT_TARGET = 15.1;
				PRODUCT_NAME = "$(TARGET_NAME)";
			};
			name = Debug;
		};
		FCAD5CBA2CEE400100557101 /* Release */ = {
			isa = XCBuildConfiguration;
			buildSettings = {
				ASSETCATALOG_COMPILER_GENERATE_SWIFT_ASSET_SYMBOL_EXTENSIONS = YES;
				CODE_SIGN_STYLE = Automatic;
				DEVELOPMENT_TEAM = WYCK5N8284;
				ENABLE_HARDENED_RUNTIME = YES;
				ENABLE_USER_SCRIPT_SANDBOXING = YES;
				GCC_C_LANGUAGE_STANDARD = gnu17;
				LOCALIZATION_PREFERS_STRING_CATALOGS = YES;
				MACOSX_DEPLOYMENT_TARGET = 15.1;
				PRODUCT_NAME = "$(TARGET_NAME)";
			};
			name = Release;
		};
/* End XCBuildConfiguration section */

/* Begin XCConfigurationList section */
		2B6FD87E2A24E9FF00581498 /* Build configuration list for PBXProject "Coroutine" */ = {
			isa = XCConfigurationList;
			buildConfigurations = (
				2B6FD8882A24E9FF00581498 /* Debug */,
				2B6FD8892A24E9FF00581498 /* Release */,
			);
			defaultConfigurationIsVisible = 0;
			defaultConfigurationName = Release;
		};
		2B6FD88A2A24E9FF00581498 /* Build configuration list for PBXNativeTarget "Coroutine" */ = {
			isa = XCConfigurationList;
			buildConfigurations = (
				2B6FD88B2A24E9FF00581498 /* Debug */,
				2B6FD88C2A24E9FF00581498 /* Release */,
			);
			defaultConfigurationIsVisible = 0;
			defaultConfigurationName = Release;
		};
		FCAD5C972CEE3FB200557101 /* Build configuration list for PBXNativeTarget "TwoCoroutineInMainThread" */ = {
			isa = XCConfigurationList;
			buildConfigurations = (
				FCAD5C982CEE3FB200557101 /* Debug */,
				FCAD5C992CEE3FB200557101 /* Release */,
			);
			defaultConfigurationIsVisible = 0;
			defaultConfigurationName = Release;
		};
		FCAD5CA22CEE3FC800557101 /* Build configuration list for PBXNativeTarget "TwoCoroutineInOneThread" */ = {
			isa = XCConfigurationList;
			buildConfigurations = (
				FCAD5CA32CEE3FC800557101 /* Debug */,
				FCAD5CA42CEE3FC800557101 /* Release */,
			);
			defaultConfigurationIsVisible = 0;
			defaultConfigurationName = Release;
		};
		FCAD5CAD2CEE3FD500557101 /* Build configuration list for PBXNativeTarget "TwoCoroutineInTwoThread" */ = {
			isa = XCConfigurationList;
			buildConfigurations = (
				FCAD5CAE2CEE3FD500557101 /* Debug */,
				FCAD5CAF2CEE3FD500557101 /* Release */,
			);
			defaultConfigurationIsVisible = 0;
			defaultConfigurationName = Release;
		};
		FCAD5CB82CEE400100557101 /* Build configuration list for PBXNativeTarget "CoroutineScheduler" */ = {
			isa = XCConfigurationList;
			buildConfigurations = (
				FCAD5CB92CEE400100557101 /* Debug */,
				FCAD5CBA2CEE400100557101 /* Release */,
			);
			defaultConfigurationIsVisible = 0;
			defaultConfigurationName = Release;
		};
/* End XCConfigurationList section */
	};
	rootObject = 2B6FD87B2A24E9FF00581498 /* Project object */;
}
